
Microsoft Visual Studio Solution File, Format Version 12.00
# Visual Studio Version 17
VisualStudioVersion = 17.10.35027.167
MinimumVisualStudioVersion = 10.0.40219.1
Project("{2150E333-8FDC-42A3-9474-1A3956D46DE8}") = "Services", "Services", "{C14A7DC9-1B9D-41FE-B6FB-3F2B80BC57B2}"
EndProject
Project("{2150E333-8FDC-42A3-9474-1A3956D46DE8}") = "Catalog", "Catalog", "{05D9E132-7214-49D5-BBED-BED5E4C13D5C}"
EndProject
Project("{2150E333-8FDC-42A3-9474-1A3956D46DE8}") = "Basket", "Basket", "{85832504-4FAD-4B93-9186-8050D1A4236E}"
EndProject
Project("{2150E333-8FDC-42A3-9474-1A3956D46DE8}") = "Kitchen", "Kitchen", "{0CAB7D6E-6EC2-4AD2-B52B-6F0578E022B6}"
EndProject
Project("{2150E333-8FDC-42A3-9474-1A3956D46DE8}") = "Ordering", "Ordering", "{0549FAE0-D2FF-4971-B466-CF42B2ABAC26}"
EndProject
Project("{9A19103F-16F7-4668-BE54-9A1E7A4F7556}") = "Catalog.Domain", "Services\Catalog\Catalog.Domain\Catalog.Domain.csproj", "{A7274747-2AE2-4AF3-A411-1D919B2CD4C1}"
EndProject
Project("{9A19103F-16F7-4668-BE54-9A1E7A4F7556}") = "Catalog.Application", "Services\Catalog\Catalog.Application\Catalog.Application.csproj", "{A255310A-D4D1-48BE-955E-15E99E431E92}"
EndProject
Project("{9A19103F-16F7-4668-BE54-9A1E7A4F7556}") = "Catalog.Infra.Data", "Services\Catalog\Catalog.Infra.Data\Catalog.Infra.Data.csproj", "{097E103A-E092-46D1-80AC-0B9D80036A09}"
EndProject
Project("{9A19103F-16F7-4668-BE54-9A1E7A4F7556}") = "Catalog.Infra.IoC", "Services\Catalog\Catalog.Infra.IoC\Catalog.Infra.IoC.csproj", "{1095D8D9-0E3F-4BEE-A6DD-6B6AB9C568ED}"
EndProject
Project("{9A19103F-16F7-4668-BE54-9A1E7A4F7556}") = "Catalog.API", "Services\Catalog\Catalog.API\Catalog.API.csproj", "{B8DE2E8A-B4D8-434B-89BE-FA8B85991329}"
EndProject
Project("{E53339B2-1760-4266-BCC7-CA923CBCF16C}") = "docker-compose", "docker-compose.dcproj", "{6E2C2E59-7636-427E-AD02-DBDBD2249114}"
EndProject
Global
	GlobalSection(SolutionConfigurationPlatforms) = preSolution
		Debug|Any CPU = Debug|Any CPU
		Release|Any CPU = Release|Any CPU
	EndGlobalSection
	GlobalSection(ProjectConfigurationPlatforms) = postSolution
		{A7274747-2AE2-4AF3-A411-1D919B2CD4C1}.Debug|Any CPU.ActiveCfg = Debug|Any CPU
		{A7274747-2AE2-4AF3-A411-1D919B2CD4C1}.Debug|Any CPU.Build.0 = Debug|Any CPU
		{A7274747-2AE2-4AF3-A411-1D919B2CD4C1}.Release|Any CPU.ActiveCfg = Release|Any CPU
		{A7274747-2AE2-4AF3-A411-1D919B2CD4C1}.Release|Any CPU.Build.0 = Release|Any CPU
		{A255310A-D4D1-48BE-955E-15E99E431E92}.Debug|Any CPU.ActiveCfg = Debug|Any CPU
		{A255310A-D4D1-48BE-955E-15E99E431E92}.Debug|Any CPU.Build.0 = Debug|Any CPU
		{A255310A-D4D1-48BE-955E-15E99E431E92}.Release|Any CPU.ActiveCfg = Release|Any CPU
		{A255310A-D4D1-48BE-955E-15E99E431E92}.Release|Any CPU.Build.0 = Release|Any CPU
		{097E103A-E092-46D1-80AC-0B9D80036A09}.Debug|Any CPU.ActiveCfg = Debug|Any CPU
		{097E103A-E092-46D1-80AC-0B9D80036A09}.Debug|Any CPU.Build.0 = Debug|Any CPU
		{097E103A-E092-46D1-80AC-0B9D80036A09}.Release|Any CPU.ActiveCfg = Release|Any CPU
		{097E103A-E092-46D1-80AC-0B9D80036A09}.Release|Any CPU.Build.0 = Release|Any CPU
		{1095D8D9-0E3F-4BEE-A6DD-6B6AB9C568ED}.Debug|Any CPU.ActiveCfg = Debug|Any CPU
		{1095D8D9-0E3F-4BEE-A6DD-6B6AB9C568ED}.Debug|Any CPU.Build.0 = Debug|Any CPU
		{1095D8D9-0E3F-4BEE-A6DD-6B6AB9C568ED}.Release|Any CPU.ActiveCfg = Release|Any CPU
		{1095D8D9-0E3F-4BEE-A6DD-6B6AB9C568ED}.Release|Any CPU.Build.0 = Release|Any CPU
		{B8DE2E8A-B4D8-434B-89BE-FA8B85991329}.Debug|Any CPU.ActiveCfg = Debug|Any CPU
		{B8DE2E8A-B4D8-434B-89BE-FA8B85991329}.Debug|Any CPU.Build.0 = Debug|Any CPU
		{B8DE2E8A-B4D8-434B-89BE-FA8B85991329}.Release|Any CPU.ActiveCfg = Release|Any CPU
		{B8DE2E8A-B4D8-434B-89BE-FA8B85991329}.Release|Any CPU.Build.0 = Release|Any CPU
		{6E2C2E59-7636-427E-AD02-DBDBD2249114}.Debug|Any CPU.ActiveCfg = Debug|Any CPU
		{6E2C2E59-7636-427E-AD02-DBDBD2249114}.Debug|Any CPU.Build.0 = Debug|Any CPU
		{6E2C2E59-7636-427E-AD02-DBDBD2249114}.Release|Any CPU.ActiveCfg = Release|Any CPU
		{6E2C2E59-7636-427E-AD02-DBDBD2249114}.Release|Any CPU.Build.0 = Release|Any CPU
	EndGlobalSection
	GlobalSection(SolutionProperties) = preSolution
		HideSolutionNode = FALSE
	EndGlobalSection
	GlobalSection(NestedProjects) = preSolution
		{05D9E132-7214-49D5-BBED-BED5E4C13D5C} = {C14A7DC9-1B9D-41FE-B6FB-3F2B80BC57B2}
		{85832504-4FAD-4B93-9186-8050D1A4236E} = {C14A7DC9-1B9D-41FE-B6FB-3F2B80BC57B2}
		{0CAB7D6E-6EC2-4AD2-B52B-6F0578E022B6} = {C14A7DC9-1B9D-41FE-B6FB-3F2B80BC57B2}
		{0549FAE0-D2FF-4971-B466-CF42B2ABAC26} = {C14A7DC9-1B9D-41FE-B6FB-3F2B80BC57B2}
		{A7274747-2AE2-4AF3-A411-1D919B2CD4C1} = {05D9E132-7214-49D5-BBED-BED5E4C13D5C}
		{A255310A-D4D1-48BE-955E-15E99E431E92} = {05D9E132-7214-49D5-BBED-BED5E4C13D5C}
		{097E103A-E092-46D1-80AC-0B9D80036A09} = {05D9E132-7214-49D5-BBED-BED5E4C13D5C}
		{1095D8D9-0E3F-4BEE-A6DD-6B6AB9C568ED} = {05D9E132-7214-49D5-BBED-BED5E4C13D5C}
		{B8DE2E8A-B4D8-434B-89BE-FA8B85991329} = {05D9E132-7214-49D5-BBED-BED5E4C13D5C}
	EndGlobalSection
	GlobalSection(ExtensibilityGlobals) = postSolution
		SolutionGuid = {9373EB5A-B1C0-4CFE-BCCD-804D899FF477}
	EndGlobalSection
EndGlobal
